// !$*UTF8*$!
{
	archiveVersion = 1;
	classes = {
	};
	objectVersion = 55;
	objects = {

/* Begin PBXBuildFile section */
		10CD50ACCFF8C62D21AF4DA4 /* Pods_WealthWise.framework in Frameworks */ = {isa = PBXBuildFile; fileRef = 54E9DF1A9657383B4F10D14D /* Pods_WealthWise.framework */; };
		2458FDB5236C50740F4B7718 /* Pods_WealthWiseTests.framework in Frameworks */ = {isa = PBXBuildFile; fileRef = 34782AA3838938565D36C1B4 /* Pods_WealthWiseTests.framework */; };
		5061E82A87CDFA726A811D95 /* Pods_WealthWise_WealthWiseUITests.framework in Frameworks */ = {isa = PBXBuildFile; fileRef = D375E6055F74E6D53BFBD59F /* Pods_WealthWise_WealthWiseUITests.framework */; };
		EC0298372AA4F6E600EE2945 /* FinancialReportView.swift in Sources */ = {isa = PBXBuildFile; fileRef = EC0298362AA4F6E600EE2945 /* FinancialReportView.swift */; };
		EC0298392AA4F76000EE2945 /* IncomeExpenseSummaryView.swift in Sources */ = {isa = PBXBuildFile; fileRef = EC0298382AA4F76000EE2945 /* IncomeExpenseSummaryView.swift */; };
		EC02983B2AA4F78300EE2945 /* Transaction.swift in Sources */ = {isa = PBXBuildFile; fileRef = EC02983A2AA4F78300EE2945 /* Transaction.swift */; };
		EC02983D2AA4F7A500EE2945 /* TransactionListView.swift in Sources */ = {isa = PBXBuildFile; fileRef = EC02983C2AA4F7A500EE2945 /* TransactionListView.swift */; };
		EC02983F2AA4F7C100EE2945 /* NetWorthDataPoint.swift in Sources */ = {isa = PBXBuildFile; fileRef = EC02983E2AA4F7C100EE2945 /* NetWorthDataPoint.swift */; };
		EC0298412AA4F7D900EE2945 /* NetWorthChartView.swift in Sources */ = {isa = PBXBuildFile; fileRef = EC0298402AA4F7D900EE2945 /* NetWorthChartView.swift */; };
		EC0298432AA4F80800EE2945 /* ExpenseCategory.swift in Sources */ = {isa = PBXBuildFile; fileRef = EC0298422AA4F80800EE2945 /* ExpenseCategory.swift */; };
		EC0298452AA4F82800EE2945 /* PieChartView.swift in Sources */ = {isa = PBXBuildFile; fileRef = EC0298442AA4F82800EE2945 /* PieChartView.swift */; };
		EC0298472AA4F85500EE2945 /* Factice.swift in Sources */ = {isa = PBXBuildFile; fileRef = EC0298462AA4F85500EE2945 /* Factice.swift */; };
		EC0298492AA638FC00EE2945 /* DebtManagementView.swift in Sources */ = {isa = PBXBuildFile; fileRef = EC0298482AA638FC00EE2945 /* DebtManagementView.swift */; };
		EC02984F2AA648D600EE2945 /* SavingsPlanningView.swift in Sources */ = {isa = PBXBuildFile; fileRef = EC02984E2AA648D600EE2945 /* SavingsPlanningView.swift */; };
		EC0298522AA64C0E00EE2945 /* InvestmentManagementView.swift in Sources */ = {isa = PBXBuildFile; fileRef = EC0298512AA64C0E00EE2945 /* InvestmentManagementView.swift */; };
		EC0298542AA64C6200EE2945 /* Investment.swift in Sources */ = {isa = PBXBuildFile; fileRef = EC0298532AA64C6200EE2945 /* Investment.swift */; };
		EC0298562AA653B400EE2945 /* AlertsAndNotificationsView.swift in Sources */ = {isa = PBXBuildFile; fileRef = EC0298552AA653B400EE2945 /* AlertsAndNotificationsView.swift */; };
		EC0298582AA670E600EE2945 /* ProfileConfigurationView.swift in Sources */ = {isa = PBXBuildFile; fileRef = EC0298572AA670E600EE2945 /* ProfileConfigurationView.swift */; };
		EC6108142AA67822005E48B8 /* LoginView.swift in Sources */ = {isa = PBXBuildFile; fileRef = EC6108132AA67822005E48B8 /* LoginView.swift */; };
		EC6108162AA78B4B005E48B8 /* WealthSummaryView.swift in Sources */ = {isa = PBXBuildFile; fileRef = EC6108152AA78B4B005E48B8 /* WealthSummaryView.swift */; };
		EC6108182AA78C29005E48B8 /* RetirementPlanningView.swift in Sources */ = {isa = PBXBuildFile; fileRef = EC6108172AA78C29005E48B8 /* RetirementPlanningView.swift */; };
		EC61081A2AA78EF6005E48B8 /* RiskAnalysisView.swift in Sources */ = {isa = PBXBuildFile; fileRef = EC6108192AA78EF6005E48B8 /* RiskAnalysisView.swift */; };
		EC61081C2AA79448005E48B8 /* TaxTrackingView.swift in Sources */ = {isa = PBXBuildFile; fileRef = EC61081B2AA79448005E48B8 /* TaxTrackingView.swift */; };
		EC61081E2AA79583005E48B8 /* BillManagementView.swift in Sources */ = {isa = PBXBuildFile; fileRef = EC61081D2AA79583005E48B8 /* BillManagementView.swift */; };
		EC6108202AA8E837005E48B8 /* InsuranceManagementView.swift in Sources */ = {isa = PBXBuildFile; fileRef = EC61081F2AA8E837005E48B8 /* InsuranceManagementView.swift */; };
		EC6108222AA8E9D8005E48B8 /* LoanManagementView.swift in Sources */ = {isa = PBXBuildFile; fileRef = EC6108212AA8E9D8005E48B8 /* LoanManagementView.swift */; };
		EC6108242AA8EA39005E48B8 /* LoanDetailEditView.swift in Sources */ = {isa = PBXBuildFile; fileRef = EC6108232AA8EA39005E48B8 /* LoanDetailEditView.swift */; };
		EC6108262AA8EC23005E48B8 /* SubscriptionManagementView.swift in Sources */ = {isa = PBXBuildFile; fileRef = EC6108252AA8EC23005E48B8 /* SubscriptionManagementView.swift */; };
		EC6108282AA8EEBD005E48B8 /* GoogleService-Info.plist in Resources */ = {isa = PBXBuildFile; fileRef = EC6108272AA8EEBD005E48B8 /* GoogleService-Info.plist */; };
		EC61082A2AA8F3F9005E48B8 /* AuthenticationViewModel.swift in Sources */ = {isa = PBXBuildFile; fileRef = EC6108292AA8F3F9005E48B8 /* AuthenticationViewModel.swift */; };
		ECDC23C42AA8FB1C0072296D /* UserProfile.swift in Sources */ = {isa = PBXBuildFile; fileRef = ECDC23C32AA8FB1C0072296D /* UserProfile.swift */; };
		ECDC23C62AA8FD2B0072296D /* ProfileViewModel.swift in Sources */ = {isa = PBXBuildFile; fileRef = ECDC23C52AA8FD2B0072296D /* ProfileViewModel.swift */; };
		ECDC23C82AAB88F10072296D /* WebView.swift in Sources */ = {isa = PBXBuildFile; fileRef = ECDC23C72AAB88F10072296D /* WebView.swift */; };
		ECDC23CA2AAB8BEB0072296D /* StockData.swift in Sources */ = {isa = PBXBuildFile; fileRef = ECDC23C92AAB8BEB0072296D /* StockData.swift */; };
		ECDC23CC2AAB8C110072296D /* StockDataViewModel.swift in Sources */ = {isa = PBXBuildFile; fileRef = ECDC23CB2AAB8C110072296D /* StockDataViewModel.swift */; };
		ECDC23CE2AAB8CA20072296D /* AlphaVantageResponse.swift in Sources */ = {isa = PBXBuildFile; fileRef = ECDC23CD2AAB8CA20072296D /* AlphaVantageResponse.swift */; };
		ECDC23D22AACCFE50072296D /* TransactionManager.swift in Sources */ = {isa = PBXBuildFile; fileRef = ECDC23D12AACCFE50072296D /* TransactionManager.swift */; };
		ECDC23D82AACD7C80072296D /* UserProfileWrapper.swift in Sources */ = {isa = PBXBuildFile; fileRef = ECDC23D72AACD7C80072296D /* UserProfileWrapper.swift */; };
		ECFD32922AA4C920001B9E3B /* WealthWiseApp.swift in Sources */ = {isa = PBXBuildFile; fileRef = ECFD32912AA4C920001B9E3B /* WealthWiseApp.swift */; };
		ECFD32942AA4C920001B9E3B /* ContentView.swift in Sources */ = {isa = PBXBuildFile; fileRef = ECFD32932AA4C920001B9E3B /* ContentView.swift */; };
		ECFD32962AA4C923001B9E3B /* Assets.xcassets in Resources */ = {isa = PBXBuildFile; fileRef = ECFD32952AA4C923001B9E3B /* Assets.xcassets */; };
		ECFD32992AA4C923001B9E3B /* Preview Assets.xcassets in Resources */ = {isa = PBXBuildFile; fileRef = ECFD32982AA4C923001B9E3B /* Preview Assets.xcassets */; };
		ECFD329B2AA4C923001B9E3B /* Persistence.swift in Sources */ = {isa = PBXBuildFile; fileRef = ECFD329A2AA4C923001B9E3B /* Persistence.swift */; };
		ECFD329E2AA4C923001B9E3B /* WealthWise.xcdatamodeld in Sources */ = {isa = PBXBuildFile; fileRef = ECFD329C2AA4C923001B9E3B /* WealthWise.xcdatamodeld */; };
		ECFD32A82AA4C923001B9E3B /* WealthWiseTests.swift in Sources */ = {isa = PBXBuildFile; fileRef = ECFD32A72AA4C923001B9E3B /* WealthWiseTests.swift */; };
		ECFD32B22AA4C923001B9E3B /* WealthWiseUITests.swift in Sources */ = {isa = PBXBuildFile; fileRef = ECFD32B12AA4C923001B9E3B /* WealthWiseUITests.swift */; };
		ECFD32B42AA4C924001B9E3B /* WealthWiseUITestsLaunchTests.swift in Sources */ = {isa = PBXBuildFile; fileRef = ECFD32B32AA4C924001B9E3B /* WealthWiseUITestsLaunchTests.swift */; };
		ECFD32C12AA4D6DF001B9E3B /* DashboardView.swift in Sources */ = {isa = PBXBuildFile; fileRef = ECFD32C02AA4D6DF001B9E3B /* DashboardView.swift */; };
		ECFD32C32AA4D6F8001B9E3B /* ExpenseTrackerView.swift in Sources */ = {isa = PBXBuildFile; fileRef = ECFD32C22AA4D6F8001B9E3B /* ExpenseTrackerView.swift */; };
		ECFD32C52AA4D801001B9E3B /* BudgetPlanningView.swift in Sources */ = {isa = PBXBuildFile; fileRef = ECFD32C42AA4D801001B9E3B /* BudgetPlanningView.swift */; };
		ECFD32C72AA4D80F001B9E3B /* WealthManagementView.swift in Sources */ = {isa = PBXBuildFile; fileRef = ECFD32C62AA4D80F001B9E3B /* WealthManagementView.swift */; };
		ECFD32C92AA4D820001B9E3B /* InvestmentAssistanceView.swift in Sources */ = {isa = PBXBuildFile; fileRef = ECFD32C82AA4D820001B9E3B /* InvestmentAssistanceView.swift */; };
		ECFD32CB2AA4D830001B9E3B /* RetirementTrackerView.swift in Sources */ = {isa = PBXBuildFile; fileRef = ECFD32CA2AA4D830001B9E3B /* RetirementTrackerView.swift */; };
		ECFD32CD2AA4D83F001B9E3B /* SecurityPrivacyView.swift in Sources */ = {isa = PBXBuildFile; fileRef = ECFD32CC2AA4D83F001B9E3B /* SecurityPrivacyView.swift */; };
		ECFD32CF2AA4D84F001B9E3B /* SiriIntegrationView.swift in Sources */ = {isa = PBXBuildFile; fileRef = ECFD32CE2AA4D84F001B9E3B /* SiriIntegrationView.swift */; };
		ECFD32D12AA4D85D001B9E3B /* PersonalizedTipsView.swift in Sources */ = {isa = PBXBuildFile; fileRef = ECFD32D02AA4D85D001B9E3B /* PersonalizedTipsView.swift */; };
		ECFD32D32AA4D86C001B9E3B /* FinancialEducationView.swift in Sources */ = {isa = PBXBuildFile; fileRef = ECFD32D22AA4D86C001B9E3B /* FinancialEducationView.swift */; };
		ECFD32D52AA4DE42001B9E3B /* TransactionsView.swift in Sources */ = {isa = PBXBuildFile; fileRef = ECFD32D42AA4DE42001B9E3B /* TransactionsView.swift */; };
		ECFD32D72AA4DE52001B9E3B /* InvestmentPortfolioView.swift in Sources */ = {isa = PBXBuildFile; fileRef = ECFD32D62AA4DE52001B9E3B /* InvestmentPortfolioView.swift */; };
		ECFD32D92AA4DE63001B9E3B /* RetirementPlanningCalculator.swift in Sources */ = {isa = PBXBuildFile; fileRef = ECFD32D82AA4DE63001B9E3B /* RetirementPlanningCalculator.swift */; };
		ECFD32DB2AA4DE74001B9E3B /* MarketNewsAndUpdatesView.swift in Sources */ = {isa = PBXBuildFile; fileRef = ECFD32DA2AA4DE74001B9E3B /* MarketNewsAndUpdatesView.swift */; };
		ECFD32DD2AA4F2E9001B9E3B /* TransactionDetailView.swift in Sources */ = {isa = PBXBuildFile; fileRef = ECFD32DC2AA4F2E9001B9E3B /* TransactionDetailView.swift */; };
		ECFD32DF2AA4F32B001B9E3B /* TransactionDetail.swift in Sources */ = {isa = PBXBuildFile; fileRef = ECFD32DE2AA4F32B001B9E3B /* TransactionDetail.swift */; };
/* End PBXBuildFile section */

/* Begin PBXContainerItemProxy section */
		ECFD32A42AA4C923001B9E3B /* PBXContainerItemProxy */ = {
			isa = PBXContainerItemProxy;
			containerPortal = ECFD32862AA4C920001B9E3B /* Project object */;
			proxyType = 1;
			remoteGlobalIDString = ECFD328D2AA4C920001B9E3B;
			remoteInfo = WealthWise;
		};
		ECFD32AE2AA4C923001B9E3B /* PBXContainerItemProxy */ = {
			isa = PBXContainerItemProxy;
			containerPortal = ECFD32862AA4C920001B9E3B /* Project object */;
			proxyType = 1;
			remoteGlobalIDString = ECFD328D2AA4C920001B9E3B;
			remoteInfo = WealthWise;
		};
/* End PBXContainerItemProxy section */

/* Begin PBXFileReference section */
		0FFAF13EB4AFA752B6C35608 /* Pods-WealthWiseTests.debug.xcconfig */ = {isa = PBXFileReference; includeInIndex = 1; lastKnownFileType = text.xcconfig; name = "Pods-WealthWiseTests.debug.xcconfig"; path = "Target Support Files/Pods-WealthWiseTests/Pods-WealthWiseTests.debug.xcconfig"; sourceTree = "<group>"; };
		34782AA3838938565D36C1B4 /* Pods_WealthWiseTests.framework */ = {isa = PBXFileReference; explicitFileType = wrapper.framework; includeInIndex = 0; path = Pods_WealthWiseTests.framework; sourceTree = BUILT_PRODUCTS_DIR; };
		54E9DF1A9657383B4F10D14D /* Pods_WealthWise.framework */ = {isa = PBXFileReference; explicitFileType = wrapper.framework; includeInIndex = 0; path = Pods_WealthWise.framework; sourceTree = BUILT_PRODUCTS_DIR; };
		5DAED11E7F1CC822131FFB32 /* Pods-WealthWise.debug.xcconfig */ = {isa = PBXFileReference; includeInIndex = 1; lastKnownFileType = text.xcconfig; name = "Pods-WealthWise.debug.xcconfig"; path = "Target Support Files/Pods-WealthWise/Pods-WealthWise.debug.xcconfig"; sourceTree = "<group>"; };
		7B69496562E0DEB51DBBB507 /* Pods-WealthWise.release.xcconfig */ = {isa = PBXFileReference; includeInIndex = 1; lastKnownFileType = text.xcconfig; name = "Pods-WealthWise.release.xcconfig"; path = "Target Support Files/Pods-WealthWise/Pods-WealthWise.release.xcconfig"; sourceTree = "<group>"; };
		84642609EB06EC98658D1410 /* Pods-WealthWise-WealthWiseUITests.release.xcconfig */ = {isa = PBXFileReference; includeInIndex = 1; lastKnownFileType = text.xcconfig; name = "Pods-WealthWise-WealthWiseUITests.release.xcconfig"; path = "Target Support Files/Pods-WealthWise-WealthWiseUITests/Pods-WealthWise-WealthWiseUITests.release.xcconfig"; sourceTree = "<group>"; };
		926876715AA5556ABC486B86 /* Pods-WealthWiseTests.release.xcconfig */ = {isa = PBXFileReference; includeInIndex = 1; lastKnownFileType = text.xcconfig; name = "Pods-WealthWiseTests.release.xcconfig"; path = "Target Support Files/Pods-WealthWiseTests/Pods-WealthWiseTests.release.xcconfig"; sourceTree = "<group>"; };
		B4E46FE0EEC95353F614FDF0 /* Pods-WealthWise-WealthWiseUITests.debug.xcconfig */ = {isa = PBXFileReference; includeInIndex = 1; lastKnownFileType = text.xcconfig; name = "Pods-WealthWise-WealthWiseUITests.debug.xcconfig"; path = "Target Support Files/Pods-WealthWise-WealthWiseUITests/Pods-WealthWise-WealthWiseUITests.debug.xcconfig"; sourceTree = "<group>"; };
		D375E6055F74E6D53BFBD59F /* Pods_WealthWise_WealthWiseUITests.framework */ = {isa = PBXFileReference; explicitFileType = wrapper.framework; includeInIndex = 0; path = Pods_WealthWise_WealthWiseUITests.framework; sourceTree = BUILT_PRODUCTS_DIR; };
		EC0298362AA4F6E600EE2945 /* FinancialReportView.swift */ = {isa = PBXFileReference; lastKnownFileType = sourcecode.swift; path = FinancialReportView.swift; sourceTree = "<group>"; };
		EC0298382AA4F76000EE2945 /* IncomeExpenseSummaryView.swift */ = {isa = PBXFileReference; lastKnownFileType = sourcecode.swift; path = IncomeExpenseSummaryView.swift; sourceTree = "<group>"; };
		EC02983A2AA4F78300EE2945 /* Transaction.swift */ = {isa = PBXFileReference; lastKnownFileType = sourcecode.swift; path = Transaction.swift; sourceTree = "<group>"; };
		EC02983C2AA4F7A500EE2945 /* TransactionListView.swift */ = {isa = PBXFileReference; lastKnownFileType = sourcecode.swift; path = TransactionListView.swift; sourceTree = "<group>"; };
		EC02983E2AA4F7C100EE2945 /* NetWorthDataPoint.swift */ = {isa = PBXFileReference; lastKnownFileType = sourcecode.swift; path = NetWorthDataPoint.swift; sourceTree = "<group>"; };
		EC0298402AA4F7D900EE2945 /* NetWorthChartView.swift */ = {isa = PBXFileReference; lastKnownFileType = sourcecode.swift; path = NetWorthChartView.swift; sourceTree = "<group>"; };
		EC0298422AA4F80800EE2945 /* ExpenseCategory.swift */ = {isa = PBXFileReference; lastKnownFileType = sourcecode.swift; path = ExpenseCategory.swift; sourceTree = "<group>"; };
		EC0298442AA4F82800EE2945 /* PieChartView.swift */ = {isa = PBXFileReference; lastKnownFileType = sourcecode.swift; path = PieChartView.swift; sourceTree = "<group>"; };
		EC0298462AA4F85500EE2945 /* Factice.swift */ = {isa = PBXFileReference; lastKnownFileType = sourcecode.swift; path = Factice.swift; sourceTree = "<group>"; };
		EC0298482AA638FC00EE2945 /* DebtManagementView.swift */ = {isa = PBXFileReference; lastKnownFileType = sourcecode.swift; path = DebtManagementView.swift; sourceTree = "<group>"; };
		EC02984E2AA648D600EE2945 /* SavingsPlanningView.swift */ = {isa = PBXFileReference; lastKnownFileType = sourcecode.swift; path = SavingsPlanningView.swift; sourceTree = "<group>"; };
		EC0298512AA64C0E00EE2945 /* InvestmentManagementView.swift */ = {isa = PBXFileReference; lastKnownFileType = sourcecode.swift; path = InvestmentManagementView.swift; sourceTree = "<group>"; };
		EC0298532AA64C6200EE2945 /* Investment.swift */ = {isa = PBXFileReference; lastKnownFileType = sourcecode.swift; path = Investment.swift; sourceTree = "<group>"; };
		EC0298552AA653B400EE2945 /* AlertsAndNotificationsView.swift */ = {isa = PBXFileReference; lastKnownFileType = sourcecode.swift; path = AlertsAndNotificationsView.swift; sourceTree = "<group>"; };
		EC0298572AA670E600EE2945 /* ProfileConfigurationView.swift */ = {isa = PBXFileReference; lastKnownFileType = sourcecode.swift; path = ProfileConfigurationView.swift; sourceTree = "<group>"; };
		EC6108132AA67822005E48B8 /* LoginView.swift */ = {isa = PBXFileReference; lastKnownFileType = sourcecode.swift; path = LoginView.swift; sourceTree = "<group>"; };
		EC6108152AA78B4B005E48B8 /* WealthSummaryView.swift */ = {isa = PBXFileReference; lastKnownFileType = sourcecode.swift; path = WealthSummaryView.swift; sourceTree = "<group>"; };
		EC6108172AA78C29005E48B8 /* RetirementPlanningView.swift */ = {isa = PBXFileReference; lastKnownFileType = sourcecode.swift; path = RetirementPlanningView.swift; sourceTree = "<group>"; };
		EC6108192AA78EF6005E48B8 /* RiskAnalysisView.swift */ = {isa = PBXFileReference; lastKnownFileType = sourcecode.swift; path = RiskAnalysisView.swift; sourceTree = "<group>"; };
		EC61081B2AA79448005E48B8 /* TaxTrackingView.swift */ = {isa = PBXFileReference; lastKnownFileType = sourcecode.swift; path = TaxTrackingView.swift; sourceTree = "<group>"; };
		EC61081D2AA79583005E48B8 /* BillManagementView.swift */ = {isa = PBXFileReference; lastKnownFileType = sourcecode.swift; path = BillManagementView.swift; sourceTree = "<group>"; };
		EC61081F2AA8E837005E48B8 /* InsuranceManagementView.swift */ = {isa = PBXFileReference; lastKnownFileType = sourcecode.swift; path = InsuranceManagementView.swift; sourceTree = "<group>"; };
		EC6108212AA8E9D8005E48B8 /* LoanManagementView.swift */ = {isa = PBXFileReference; lastKnownFileType = sourcecode.swift; path = LoanManagementView.swift; sourceTree = "<group>"; };
		EC6108232AA8EA39005E48B8 /* LoanDetailEditView.swift */ = {isa = PBXFileReference; lastKnownFileType = sourcecode.swift; path = LoanDetailEditView.swift; sourceTree = "<group>"; };
		EC6108252AA8EC23005E48B8 /* SubscriptionManagementView.swift */ = {isa = PBXFileReference; lastKnownFileType = sourcecode.swift; path = SubscriptionManagementView.swift; sourceTree = "<group>"; };
		EC6108272AA8EEBD005E48B8 /* GoogleService-Info.plist */ = {isa = PBXFileReference; fileEncoding = 4; lastKnownFileType = text.plist.xml; path = "GoogleService-Info.plist"; sourceTree = "<group>"; };
		EC6108292AA8F3F9005E48B8 /* AuthenticationViewModel.swift */ = {isa = PBXFileReference; lastKnownFileType = sourcecode.swift; path = AuthenticationViewModel.swift; sourceTree = "<group>"; };
		ECDC23C32AA8FB1C0072296D /* UserProfile.swift */ = {isa = PBXFileReference; lastKnownFileType = sourcecode.swift; path = UserProfile.swift; sourceTree = "<group>"; };
		ECDC23C52AA8FD2B0072296D /* ProfileViewModel.swift */ = {isa = PBXFileReference; lastKnownFileType = sourcecode.swift; path = ProfileViewModel.swift; sourceTree = "<group>"; };
		ECDC23C72AAB88F10072296D /* WebView.swift */ = {isa = PBXFileReference; lastKnownFileType = sourcecode.swift; path = WebView.swift; sourceTree = "<group>"; };
		ECDC23C92AAB8BEB0072296D /* StockData.swift */ = {isa = PBXFileReference; lastKnownFileType = sourcecode.swift; path = StockData.swift; sourceTree = "<group>"; };
		ECDC23CB2AAB8C110072296D /* StockDataViewModel.swift */ = {isa = PBXFileReference; lastKnownFileType = sourcecode.swift; path = StockDataViewModel.swift; sourceTree = "<group>"; };
		ECDC23CD2AAB8CA20072296D /* AlphaVantageResponse.swift */ = {isa = PBXFileReference; lastKnownFileType = sourcecode.swift; path = AlphaVantageResponse.swift; sourceTree = "<group>"; };
		ECDC23D12AACCFE50072296D /* TransactionManager.swift */ = {isa = PBXFileReference; lastKnownFileType = sourcecode.swift; path = TransactionManager.swift; sourceTree = "<group>"; };
		ECDC23D72AACD7C80072296D /* UserProfileWrapper.swift */ = {isa = PBXFileReference; lastKnownFileType = sourcecode.swift; path = UserProfileWrapper.swift; sourceTree = "<group>"; };
		ECFD328E2AA4C920001B9E3B /* WealthWise.app */ = {isa = PBXFileReference; explicitFileType = wrapper.application; includeInIndex = 0; path = WealthWise.app; sourceTree = BUILT_PRODUCTS_DIR; };
		ECFD32912AA4C920001B9E3B /* WealthWiseApp.swift */ = {isa = PBXFileReference; lastKnownFileType = sourcecode.swift; path = WealthWiseApp.swift; sourceTree = "<group>"; };
		ECFD32932AA4C920001B9E3B /* ContentView.swift */ = {isa = PBXFileReference; lastKnownFileType = sourcecode.swift; path = ContentView.swift; sourceTree = "<group>"; };
		ECFD32952AA4C923001B9E3B /* Assets.xcassets */ = {isa = PBXFileReference; lastKnownFileType = folder.assetcatalog; path = Assets.xcassets; sourceTree = "<group>"; };
		ECFD32982AA4C923001B9E3B /* Preview Assets.xcassets */ = {isa = PBXFileReference; lastKnownFileType = folder.assetcatalog; path = "Preview Assets.xcassets"; sourceTree = "<group>"; };
		ECFD329A2AA4C923001B9E3B /* Persistence.swift */ = {isa = PBXFileReference; lastKnownFileType = sourcecode.swift; path = Persistence.swift; sourceTree = "<group>"; };
		ECFD329D2AA4C923001B9E3B /* WealthWise.xcdatamodel */ = {isa = PBXFileReference; lastKnownFileType = wrapper.xcdatamodel; path = WealthWise.xcdatamodel; sourceTree = "<group>"; };
		ECFD32A32AA4C923001B9E3B /* WealthWiseTests.xctest */ = {isa = PBXFileReference; explicitFileType = wrapper.cfbundle; includeInIndex = 0; path = WealthWiseTests.xctest; sourceTree = BUILT_PRODUCTS_DIR; };
		ECFD32A72AA4C923001B9E3B /* WealthWiseTests.swift */ = {isa = PBXFileReference; lastKnownFileType = sourcecode.swift; path = WealthWiseTests.swift; sourceTree = "<group>"; };
		ECFD32AD2AA4C923001B9E3B /* WealthWiseUITests.xctest */ = {isa = PBXFileReference; explicitFileType = wrapper.cfbundle; includeInIndex = 0; path = WealthWiseUITests.xctest; sourceTree = BUILT_PRODUCTS_DIR; };
		ECFD32B12AA4C923001B9E3B /* WealthWiseUITests.swift */ = {isa = PBXFileReference; lastKnownFileType = sourcecode.swift; path = WealthWiseUITests.swift; sourceTree = "<group>"; };
		ECFD32B32AA4C924001B9E3B /* WealthWiseUITestsLaunchTests.swift */ = {isa = PBXFileReference; lastKnownFileType = sourcecode.swift; path = WealthWiseUITestsLaunchTests.swift; sourceTree = "<group>"; };
		ECFD32C02AA4D6DF001B9E3B /* DashboardView.swift */ = {isa = PBXFileReference; lastKnownFileType = sourcecode.swift; path = DashboardView.swift; sourceTree = "<group>"; };
		ECFD32C22AA4D6F8001B9E3B /* ExpenseTrackerView.swift */ = {isa = PBXFileReference; lastKnownFileType = sourcecode.swift; path = ExpenseTrackerView.swift; sourceTree = "<group>"; };
		ECFD32C42AA4D801001B9E3B /* BudgetPlanningView.swift */ = {isa = PBXFileReference; lastKnownFileType = sourcecode.swift; path = BudgetPlanningView.swift; sourceTree = "<group>"; };
		ECFD32C62AA4D80F001B9E3B /* WealthManagementView.swift */ = {isa = PBXFileReference; lastKnownFileType = sourcecode.swift; path = WealthManagementView.swift; sourceTree = "<group>"; };
		ECFD32C82AA4D820001B9E3B /* InvestmentAssistanceView.swift */ = {isa = PBXFileReference; lastKnownFileType = sourcecode.swift; path = InvestmentAssistanceView.swift; sourceTree = "<group>"; };
		ECFD32CA2AA4D830001B9E3B /* RetirementTrackerView.swift */ = {isa = PBXFileReference; lastKnownFileType = sourcecode.swift; path = RetirementTrackerView.swift; sourceTree = "<group>"; };
		ECFD32CC2AA4D83F001B9E3B /* SecurityPrivacyView.swift */ = {isa = PBXFileReference; lastKnownFileType = sourcecode.swift; path = SecurityPrivacyView.swift; sourceTree = "<group>"; };
		ECFD32CE2AA4D84F001B9E3B /* SiriIntegrationView.swift */ = {isa = PBXFileReference; lastKnownFileType = sourcecode.swift; path = SiriIntegrationView.swift; sourceTree = "<group>"; };
		ECFD32D02AA4D85D001B9E3B /* PersonalizedTipsView.swift */ = {isa = PBXFileReference; lastKnownFileType = sourcecode.swift; path = PersonalizedTipsView.swift; sourceTree = "<group>"; };
		ECFD32D22AA4D86C001B9E3B /* FinancialEducationView.swift */ = {isa = PBXFileReference; lastKnownFileType = sourcecode.swift; path = FinancialEducationView.swift; sourceTree = "<group>"; };
		ECFD32D42AA4DE42001B9E3B /* TransactionsView.swift */ = {isa = PBXFileReference; lastKnownFileType = sourcecode.swift; path = TransactionsView.swift; sourceTree = "<group>"; };
		ECFD32D62AA4DE52001B9E3B /* InvestmentPortfolioView.swift */ = {isa = PBXFileReference; lastKnownFileType = sourcecode.swift; path = InvestmentPortfolioView.swift; sourceTree = "<group>"; };
		ECFD32D82AA4DE63001B9E3B /* RetirementPlanningCalculator.swift */ = {isa = PBXFileReference; lastKnownFileType = sourcecode.swift; path = RetirementPlanningCalculator.swift; sourceTree = "<group>"; };
		ECFD32DA2AA4DE74001B9E3B /* MarketNewsAndUpdatesView.swift */ = {isa = PBXFileReference; lastKnownFileType = sourcecode.swift; path = MarketNewsAndUpdatesView.swift; sourceTree = "<group>"; };
		ECFD32DC2AA4F2E9001B9E3B /* TransactionDetailView.swift */ = {isa = PBXFileReference; lastKnownFileType = sourcecode.swift; path = TransactionDetailView.swift; sourceTree = "<group>"; };
		ECFD32DE2AA4F32B001B9E3B /* TransactionDetail.swift */ = {isa = PBXFileReference; lastKnownFileType = sourcecode.swift; path = TransactionDetail.swift; sourceTree = "<group>"; };
/* End PBXFileReference section */

/* Begin PBXFrameworksBuildPhase section */
		ECFD328B2AA4C920001B9E3B /* Frameworks */ = {
			isa = PBXFrameworksBuildPhase;
			buildActionMask = 2147483647;
			files = (
				10CD50ACCFF8C62D21AF4DA4 /* Pods_WealthWise.framework in Frameworks */,
			);
			runOnlyForDeploymentPostprocessing = 0;
		};
		ECFD32A02AA4C923001B9E3B /* Frameworks */ = {
			isa = PBXFrameworksBuildPhase;
			buildActionMask = 2147483647;
			files = (
				2458FDB5236C50740F4B7718 /* Pods_WealthWiseTests.framework in Frameworks */,
			);
			runOnlyForDeploymentPostprocessing = 0;
		};
		ECFD32AA2AA4C923001B9E3B /* Frameworks */ = {
			isa = PBXFrameworksBuildPhase;
			buildActionMask = 2147483647;
			files = (
				5061E82A87CDFA726A811D95 /* Pods_WealthWise_WealthWiseUITests.framework in Frameworks */,
			);
			runOnlyForDeploymentPostprocessing = 0;
		};
/* End PBXFrameworksBuildPhase section */

/* Begin PBXGroup section */
		1750661043A034B9BFFC3A88 /* Frameworks */ = {
			isa = PBXGroup;
			children = (
				54E9DF1A9657383B4F10D14D /* Pods_WealthWise.framework */,
				D375E6055F74E6D53BFBD59F /* Pods_WealthWise_WealthWiseUITests.framework */,
				34782AA3838938565D36C1B4 /* Pods_WealthWiseTests.framework */,
			);
			name = Frameworks;
			sourceTree = "<group>";
		};
		37B44C33B9A2BD1E3F29E18E /* Pods */ = {
			isa = PBXGroup;
			children = (
				5DAED11E7F1CC822131FFB32 /* Pods-WealthWise.debug.xcconfig */,
				7B69496562E0DEB51DBBB507 /* Pods-WealthWise.release.xcconfig */,
				B4E46FE0EEC95353F614FDF0 /* Pods-WealthWise-WealthWiseUITests.debug.xcconfig */,
				84642609EB06EC98658D1410 /* Pods-WealthWise-WealthWiseUITests.release.xcconfig */,
				0FFAF13EB4AFA752B6C35608 /* Pods-WealthWiseTests.debug.xcconfig */,
				926876715AA5556ABC486B86 /* Pods-WealthWiseTests.release.xcconfig */,
			);
			path = Pods;
			sourceTree = "<group>";
		};
		EC0298502AA64B8200EE2945 /* Views */ = {
			isa = PBXGroup;
			children = (
				ECFD32932AA4C920001B9E3B /* ContentView.swift */,
				ECFD32C02AA4D6DF001B9E3B /* DashboardView.swift */,
				ECFD32C22AA4D6F8001B9E3B /* ExpenseTrackerView.swift */,
				ECFD32C42AA4D801001B9E3B /* BudgetPlanningView.swift */,
				ECFD32C62AA4D80F001B9E3B /* WealthManagementView.swift */,
				ECFD32C82AA4D820001B9E3B /* InvestmentAssistanceView.swift */,
				ECFD32CA2AA4D830001B9E3B /* RetirementTrackerView.swift */,
				ECFD32CC2AA4D83F001B9E3B /* SecurityPrivacyView.swift */,
				ECFD32CE2AA4D84F001B9E3B /* SiriIntegrationView.swift */,
				ECFD32D02AA4D85D001B9E3B /* PersonalizedTipsView.swift */,
				ECFD32D22AA4D86C001B9E3B /* FinancialEducationView.swift */,
				ECFD32D42AA4DE42001B9E3B /* TransactionsView.swift */,
				ECFD32D62AA4DE52001B9E3B /* InvestmentPortfolioView.swift */,
				ECFD32DA2AA4DE74001B9E3B /* MarketNewsAndUpdatesView.swift */,
				ECFD32DC2AA4F2E9001B9E3B /* TransactionDetailView.swift */,
				EC0298362AA4F6E600EE2945 /* FinancialReportView.swift */,
				EC0298382AA4F76000EE2945 /* IncomeExpenseSummaryView.swift */,
				EC02983C2AA4F7A500EE2945 /* TransactionListView.swift */,
				EC0298402AA4F7D900EE2945 /* NetWorthChartView.swift */,
				EC0298442AA4F82800EE2945 /* PieChartView.swift */,
				EC0298482AA638FC00EE2945 /* DebtManagementView.swift */,
				EC02984E2AA648D600EE2945 /* SavingsPlanningView.swift */,
				EC0298512AA64C0E00EE2945 /* InvestmentManagementView.swift */,
				EC0298552AA653B400EE2945 /* AlertsAndNotificationsView.swift */,
				EC0298572AA670E600EE2945 /* ProfileConfigurationView.swift */,
				EC6108132AA67822005E48B8 /* LoginView.swift */,
				EC6108152AA78B4B005E48B8 /* WealthSummaryView.swift */,
				EC6108172AA78C29005E48B8 /* RetirementPlanningView.swift */,
				EC6108192AA78EF6005E48B8 /* RiskAnalysisView.swift */,
				EC61081B2AA79448005E48B8 /* TaxTrackingView.swift */,
				EC61081D2AA79583005E48B8 /* BillManagementView.swift */,
				EC61081F2AA8E837005E48B8 /* InsuranceManagementView.swift */,
				EC6108212AA8E9D8005E48B8 /* LoanManagementView.swift */,
				EC6108232AA8EA39005E48B8 /* LoanDetailEditView.swift */,
				EC6108252AA8EC23005E48B8 /* SubscriptionManagementView.swift */,
				ECDC23C72AAB88F10072296D /* WebView.swift */,
			);
			path = Views;
			sourceTree = "<group>";
		};
		ECFD32852AA4C920001B9E3B = {
			isa = PBXGroup;
			children = (
				ECFD32902AA4C920001B9E3B /* WealthWise */,
				ECFD32A62AA4C923001B9E3B /* WealthWiseTests */,
				ECFD32B02AA4C923001B9E3B /* WealthWiseUITests */,
				ECFD328F2AA4C920001B9E3B /* Products */,
				37B44C33B9A2BD1E3F29E18E /* Pods */,
				1750661043A034B9BFFC3A88 /* Frameworks */,
			);
			sourceTree = "<group>";
		};
		ECFD328F2AA4C920001B9E3B /* Products */ = {
			isa = PBXGroup;
			children = (
				ECFD328E2AA4C920001B9E3B /* WealthWise.app */,
				ECFD32A32AA4C923001B9E3B /* WealthWiseTests.xctest */,
				ECFD32AD2AA4C923001B9E3B /* WealthWiseUITests.xctest */,
			);
			name = Products;
			sourceTree = "<group>";
		};
		ECFD32902AA4C920001B9E3B /* WealthWise */ = {
			isa = PBXGroup;
			children = (
				EC0298502AA64B8200EE2945 /* Views */,
				EC0298462AA4F85500EE2945 /* Factice.swift */,
				ECDC23D12AACCFE50072296D /* TransactionManager.swift */,
				ECFD32DE2AA4F32B001B9E3B /* TransactionDetail.swift */,
				EC02983A2AA4F78300EE2945 /* Transaction.swift */,
				EC02983E2AA4F7C100EE2945 /* NetWorthDataPoint.swift */,
				EC0298422AA4F80800EE2945 /* ExpenseCategory.swift */,
				ECFD32D82AA4DE63001B9E3B /* RetirementPlanningCalculator.swift */,
				EC0298532AA64C6200EE2945 /* Investment.swift */,
				ECDC23C52AA8FD2B0072296D /* ProfileViewModel.swift */,
				ECDC23C32AA8FB1C0072296D /* UserProfile.swift */,
				EC6108292AA8F3F9005E48B8 /* AuthenticationViewModel.swift */,
				ECDC23D72AACD7C80072296D /* UserProfileWrapper.swift */,
				ECDC23C92AAB8BEB0072296D /* StockData.swift */,
				ECDC23CB2AAB8C110072296D /* StockDataViewModel.swift */,
				ECDC23CD2AAB8CA20072296D /* AlphaVantageResponse.swift */,
				ECFD32912AA4C920001B9E3B /* WealthWiseApp.swift */,
				ECFD32952AA4C923001B9E3B /* Assets.xcassets */,
				ECFD329A2AA4C923001B9E3B /* Persistence.swift */,
				ECFD329C2AA4C923001B9E3B /* WealthWise.xcdatamodeld */,
				EC6108272AA8EEBD005E48B8 /* GoogleService-Info.plist */,
				ECFD32972AA4C923001B9E3B /* Preview Content */,
			);
			path = WealthWise;
			sourceTree = "<group>";
		};
		ECFD32972AA4C923001B9E3B /* Preview Content */ = {
			isa = PBXGroup;
			children = (
				ECFD32982AA4C923001B9E3B /* Preview Assets.xcassets */,
			);
			path = "Preview Content";
			sourceTree = "<group>";
		};
		ECFD32A62AA4C923001B9E3B /* WealthWiseTests */ = {
			isa = PBXGroup;
			children = (
				ECFD32A72AA4C923001B9E3B /* WealthWiseTests.swift */,
			);
			path = WealthWiseTests;
			sourceTree = "<group>";
		};
		ECFD32B02AA4C923001B9E3B /* WealthWiseUITests */ = {
			isa = PBXGroup;
			children = (
				ECFD32B12AA4C923001B9E3B /* WealthWiseUITests.swift */,
				ECFD32B32AA4C924001B9E3B /* WealthWiseUITestsLaunchTests.swift */,
			);
			path = WealthWiseUITests;
			sourceTree = "<group>";
		};
/* End PBXGroup section */

/* Begin PBXNativeTarget section */
		ECFD328D2AA4C920001B9E3B /* WealthWise */ = {
			isa = PBXNativeTarget;
			buildConfigurationList = ECFD32B72AA4C924001B9E3B /* Build configuration list for PBXNativeTarget "WealthWise" */;
			buildPhases = (
				8068B97F206CFC512FAE1E8C /* [CP] Check Pods Manifest.lock */,
				ECFD328A2AA4C920001B9E3B /* Sources */,
				ECFD328B2AA4C920001B9E3B /* Frameworks */,
				ECFD328C2AA4C920001B9E3B /* Resources */,
				A3C06CF68D6CE77204A74993 /* [CP] Embed Pods Frameworks */,
			);
			buildRules = (
			);
			dependencies = (
			);
			name = WealthWise;
			productName = WealthWise;
			productReference = ECFD328E2AA4C920001B9E3B /* WealthWise.app */;
			productType = "com.apple.product-type.application";
		};
		ECFD32A22AA4C923001B9E3B /* WealthWiseTests */ = {
			isa = PBXNativeTarget;
			buildConfigurationList = ECFD32BA2AA4C924001B9E3B /* Build configuration list for PBXNativeTarget "WealthWiseTests" */;
			buildPhases = (
				51E33175E4CA5A15A25F1B19 /* [CP] Check Pods Manifest.lock */,
				ECFD329F2AA4C923001B9E3B /* Sources */,
				ECFD32A02AA4C923001B9E3B /* Frameworks */,
				ECFD32A12AA4C923001B9E3B /* Resources */,
			);
			buildRules = (
			);
			dependencies = (
				ECFD32A52AA4C923001B9E3B /* PBXTargetDependency */,
			);
			name = WealthWiseTests;
			productName = WealthWiseTests;
			productReference = ECFD32A32AA4C923001B9E3B /* WealthWiseTests.xctest */;
			productType = "com.apple.product-type.bundle.unit-test";
		};
		ECFD32AC2AA4C923001B9E3B /* WealthWiseUITests */ = {
			isa = PBXNativeTarget;
			buildConfigurationList = ECFD32BD2AA4C924001B9E3B /* Build configuration list for PBXNativeTarget "WealthWiseUITests" */;
			buildPhases = (
				0D6B355D3AC40B5C1501EE15 /* [CP] Check Pods Manifest.lock */,
				ECFD32A92AA4C923001B9E3B /* Sources */,
				ECFD32AA2AA4C923001B9E3B /* Frameworks */,
				ECFD32AB2AA4C923001B9E3B /* Resources */,
				35E211A1064CF51396F4D20C /* [CP] Embed Pods Frameworks */,
			);
			buildRules = (
			);
			dependencies = (
				ECFD32AF2AA4C923001B9E3B /* PBXTargetDependency */,
			);
			name = WealthWiseUITests;
			productName = WealthWiseUITests;
			productReference = ECFD32AD2AA4C923001B9E3B /* WealthWiseUITests.xctest */;
			productType = "com.apple.product-type.bundle.ui-testing";
		};
/* End PBXNativeTarget section */

/* Begin PBXProject section */
		ECFD32862AA4C920001B9E3B /* Project object */ = {
			isa = PBXProject;
			attributes = {
				BuildIndependentTargetsInParallel = 1;
				LastSwiftUpdateCheck = 1340;
				LastUpgradeCheck = 1340;
				TargetAttributes = {
					ECFD328D2AA4C920001B9E3B = {
						CreatedOnToolsVersion = 13.4.1;
					};
					ECFD32A22AA4C923001B9E3B = {
						CreatedOnToolsVersion = 13.4.1;
						TestTargetID = ECFD328D2AA4C920001B9E3B;
					};
					ECFD32AC2AA4C923001B9E3B = {
						CreatedOnToolsVersion = 13.4.1;
						TestTargetID = ECFD328D2AA4C920001B9E3B;
					};
				};
			};
			buildConfigurationList = ECFD32892AA4C920001B9E3B /* Build configuration list for PBXProject "WealthWise" */;
			compatibilityVersion = "Xcode 13.0";
			developmentRegion = en;
			hasScannedForEncodings = 0;
			knownRegions = (
				en,
				Base,
			);
			mainGroup = ECFD32852AA4C920001B9E3B;
			productRefGroup = ECFD328F2AA4C920001B9E3B /* Products */;
			projectDirPath = "";
			projectRoot = "";
			targets = (
				ECFD328D2AA4C920001B9E3B /* WealthWise */,
				ECFD32A22AA4C923001B9E3B /* WealthWiseTests */,
				ECFD32AC2AA4C923001B9E3B /* WealthWiseUITests */,
			);
		};
/* End PBXProject section */

/* Begin PBXResourcesBuildPhase section */
		ECFD328C2AA4C920001B9E3B /* Resources */ = {
			isa = PBXResourcesBuildPhase;
			buildActionMask = 2147483647;
			files = (
				ECFD32992AA4C923001B9E3B /* Preview Assets.xcassets in Resources */,
				ECFD32962AA4C923001B9E3B /* Assets.xcassets in Resources */,
				EC6108282AA8EEBD005E48B8 /* GoogleService-Info.plist in Resources */,
			);
			runOnlyForDeploymentPostprocessing = 0;
		};
		ECFD32A12AA4C923001B9E3B /* Resources */ = {
			isa = PBXResourcesBuildPhase;
			buildActionMask = 2147483647;
			files = (
			);
			runOnlyForDeploymentPostprocessing = 0;
		};
		ECFD32AB2AA4C923001B9E3B /* Resources */ = {
			isa = PBXResourcesBuildPhase;
			buildActionMask = 2147483647;
			files = (
			);
			runOnlyForDeploymentPostprocessing = 0;
		};
/* End PBXResourcesBuildPhase section */

/* Begin PBXShellScriptBuildPhase section */
		0D6B355D3AC40B5C1501EE15 /* [CP] Check Pods Manifest.lock */ = {
			isa = PBXShellScriptBuildPhase;
			buildActionMask = 2147483647;
			files = (
			);
			inputFileListPaths = (
			);
			inputPaths = (
				"${PODS_PODFILE_DIR_PATH}/Podfile.lock",
				"${PODS_ROOT}/Manifest.lock",
			);
			name = "[CP] Check Pods Manifest.lock";
			outputFileListPaths = (
			);
			outputPaths = (
				"$(DERIVED_FILE_DIR)/Pods-WealthWise-WealthWiseUITests-checkManifestLockResult.txt",
			);
			runOnlyForDeploymentPostprocessing = 0;
			shellPath = /bin/sh;
			shellScript = "diff \"${PODS_PODFILE_DIR_PATH}/Podfile.lock\" \"${PODS_ROOT}/Manifest.lock\" > /dev/null\nif [ $? != 0 ] ; then\n    # print error to STDERR\n    echo \"error: The sandbox is not in sync with the Podfile.lock. Run 'pod install' or update your CocoaPods installation.\" >&2\n    exit 1\nfi\n# This output is used by Xcode 'outputs' to avoid re-running this script phase.\necho \"SUCCESS\" > \"${SCRIPT_OUTPUT_FILE_0}\"\n";
			showEnvVarsInLog = 0;
		};
		35E211A1064CF51396F4D20C /* [CP] Embed Pods Frameworks */ = {
			isa = PBXShellScriptBuildPhase;
			buildActionMask = 2147483647;
			files = (
			);
			inputFileListPaths = (
				"${PODS_ROOT}/Target Support Files/Pods-WealthWise-WealthWiseUITests/Pods-WealthWise-WealthWiseUITests-frameworks-${CONFIGURATION}-input-files.xcfilelist",
			);
			name = "[CP] Embed Pods Frameworks";
			outputFileListPaths = (
				"${PODS_ROOT}/Target Support Files/Pods-WealthWise-WealthWiseUITests/Pods-WealthWise-WealthWiseUITests-frameworks-${CONFIGURATION}-output-files.xcfilelist",
			);
			runOnlyForDeploymentPostprocessing = 0;
			shellPath = /bin/sh;
			shellScript = "\"${PODS_ROOT}/Target Support Files/Pods-WealthWise-WealthWiseUITests/Pods-WealthWise-WealthWiseUITests-frameworks.sh\"\n";
			showEnvVarsInLog = 0;
		};
		51E33175E4CA5A15A25F1B19 /* [CP] Check Pods Manifest.lock */ = {
			isa = PBXShellScriptBuildPhase;
			buildActionMask = 2147483647;
			files = (
			);
			inputFileListPaths = (
			);
			inputPaths = (
				"${PODS_PODFILE_DIR_PATH}/Podfile.lock",
				"${PODS_ROOT}/Manifest.lock",
			);
			name = "[CP] Check Pods Manifest.lock";
			outputFileListPaths = (
			);
			outputPaths = (
				"$(DERIVED_FILE_DIR)/Pods-WealthWiseTests-checkManifestLockResult.txt",
			);
			runOnlyForDeploymentPostprocessing = 0;
			shellPath = /bin/sh;
			shellScript = "diff \"${PODS_PODFILE_DIR_PATH}/Podfile.lock\" \"${PODS_ROOT}/Manifest.lock\" > /dev/null\nif [ $? != 0 ] ; then\n    # print error to STDERR\n    echo \"error: The sandbox is not in sync with the Podfile.lock. Run 'pod install' or update your CocoaPods installation.\" >&2\n    exit 1\nfi\n# This output is used by Xcode 'outputs' to avoid re-running this script phase.\necho \"SUCCESS\" > \"${SCRIPT_OUTPUT_FILE_0}\"\n";
			showEnvVarsInLog = 0;
		};
		8068B97F206CFC512FAE1E8C /* [CP] Check Pods Manifest.lock */ = {
			isa = PBXShellScriptBuildPhase;
			buildActionMask = 2147483647;
			files = (
			);
			inputFileListPaths = (
			);
			inputPaths = (
				"${PODS_PODFILE_DIR_PATH}/Podfile.lock",
				"${PODS_ROOT}/Manifest.lock",
			);
			name = "[CP] Check Pods Manifest.lock";
			outputFileListPaths = (
			);
			outputPaths = (
				"$(DERIVED_FILE_DIR)/Pods-WealthWise-checkManifestLockResult.txt",
			);
			runOnlyForDeploymentPostprocessing = 0;
			shellPath = /bin/sh;
			shellScript = "diff \"${PODS_PODFILE_DIR_PATH}/Podfile.lock\" \"${PODS_ROOT}/Manifest.lock\" > /dev/null\nif [ $? != 0 ] ; then\n    # print error to STDERR\n    echo \"error: The sandbox is not in sync with the Podfile.lock. Run 'pod install' or update your CocoaPods installation.\" >&2\n    exit 1\nfi\n# This output is used by Xcode 'outputs' to avoid re-running this script phase.\necho \"SUCCESS\" > \"${SCRIPT_OUTPUT_FILE_0}\"\n";
			showEnvVarsInLog = 0;
		};
		A3C06CF68D6CE77204A74993 /* [CP] Embed Pods Frameworks */ = {
			isa = PBXShellScriptBuildPhase;
			buildActionMask = 2147483647;
			files = (
			);
			inputFileListPaths = (
				"${PODS_ROOT}/Target Support Files/Pods-WealthWise/Pods-WealthWise-frameworks-${CONFIGURATION}-input-files.xcfilelist",
			);
			name = "[CP] Embed Pods Frameworks";
			outputFileListPaths = (
				"${PODS_ROOT}/Target Support Files/Pods-WealthWise/Pods-WealthWise-frameworks-${CONFIGURATION}-output-files.xcfilelist",
			);
			runOnlyForDeploymentPostprocessing = 0;
			shellPath = /bin/sh;
			shellScript = "\"${PODS_ROOT}/Target Support Files/Pods-WealthWise/Pods-WealthWise-frameworks.sh\"\n";
			showEnvVarsInLog = 0;
		};
/* End PBXShellScriptBuildPhase section */

/* Begin PBXSourcesBuildPhase section */
		ECFD328A2AA4C920001B9E3B /* Sources */ = {
			isa = PBXSourcesBuildPhase;
			buildActionMask = 2147483647;
			files = (
				EC6108162AA78B4B005E48B8 /* WealthSummaryView.swift in Sources */,
				EC0298452AA4F82800EE2945 /* PieChartView.swift in Sources */,
				EC61081E2AA79583005E48B8 /* BillManagementView.swift in Sources */,
				EC61081A2AA78EF6005E48B8 /* RiskAnalysisView.swift in Sources */,
				EC0298472AA4F85500EE2945 /* Factice.swift in Sources */,
				ECFD32CB2AA4D830001B9E3B /* RetirementTrackerView.swift in Sources */,
				ECFD329E2AA4C923001B9E3B /* WealthWise.xcdatamodeld in Sources */,
				EC02984F2AA648D600EE2945 /* SavingsPlanningView.swift in Sources */,
				EC61082A2AA8F3F9005E48B8 /* AuthenticationViewModel.swift in Sources */,
				EC0298492AA638FC00EE2945 /* DebtManagementView.swift in Sources */,
				EC0298432AA4F80800EE2945 /* ExpenseCategory.swift in Sources */,
				ECFD32DB2AA4DE74001B9E3B /* MarketNewsAndUpdatesView.swift in Sources */,
				EC0298392AA4F76000EE2945 /* IncomeExpenseSummaryView.swift in Sources */,
				ECFD32CF2AA4D84F001B9E3B /* SiriIntegrationView.swift in Sources */,
				EC6108242AA8EA39005E48B8 /* LoanDetailEditView.swift in Sources */,
				ECFD32D12AA4D85D001B9E3B /* PersonalizedTipsView.swift in Sources */,
				EC6108202AA8E837005E48B8 /* InsuranceManagementView.swift in Sources */,
				ECFD329B2AA4C923001B9E3B /* Persistence.swift in Sources */,
				ECDC23CC2AAB8C110072296D /* StockDataViewModel.swift in Sources */,
				ECFD32D52AA4DE42001B9E3B /* TransactionsView.swift in Sources */,
				ECFD32C72AA4D80F001B9E3B /* WealthManagementView.swift in Sources */,
				ECFD32CD2AA4D83F001B9E3B /* SecurityPrivacyView.swift in Sources */,
				ECFD32C52AA4D801001B9E3B /* BudgetPlanningView.swift in Sources */,
				ECFD32D92AA4DE63001B9E3B /* RetirementPlanningCalculator.swift in Sources */,
				EC61081C2AA79448005E48B8 /* TaxTrackingView.swift in Sources */,
				EC6108222AA8E9D8005E48B8 /* LoanManagementView.swift in Sources */,
				EC0298372AA4F6E600EE2945 /* FinancialReportView.swift in Sources */,
				ECFD32C32AA4D6F8001B9E3B /* ExpenseTrackerView.swift in Sources */,
				ECDC23D82AACD7C80072296D /* UserProfileWrapper.swift in Sources */,
				ECDC23C82AAB88F10072296D /* WebView.swift in Sources */,
				ECDC23D22AACCFE50072296D /* TransactionManager.swift in Sources */,
				EC02983B2AA4F78300EE2945 /* Transaction.swift in Sources */,
				ECDC23CA2AAB8BEB0072296D /* StockData.swift in Sources */,
				ECFD32C12AA4D6DF001B9E3B /* DashboardView.swift in Sources */,
				ECFD32DD2AA4F2E9001B9E3B /* TransactionDetailView.swift in Sources */,
				ECDC23C62AA8FD2B0072296D /* ProfileViewModel.swift in Sources */,
				EC0298542AA64C6200EE2945 /* Investment.swift in Sources */,
				EC6108182AA78C29005E48B8 /* RetirementPlanningView.swift in Sources */,
				EC02983D2AA4F7A500EE2945 /* TransactionListView.swift in Sources */,
				ECFD32942AA4C920001B9E3B /* ContentView.swift in Sources */,
				EC02983F2AA4F7C100EE2945 /* NetWorthDataPoint.swift in Sources */,
				ECFD32D32AA4D86C001B9E3B /* FinancialEducationView.swift in Sources */,
				ECFD32922AA4C920001B9E3B /* WealthWiseApp.swift in Sources */,
				EC0298412AA4F7D900EE2945 /* NetWorthChartView.swift in Sources */,
				ECFD32D72AA4DE52001B9E3B /* InvestmentPortfolioView.swift in Sources */,
				EC6108142AA67822005E48B8 /* LoginView.swift in Sources */,
				ECFD32C92AA4D820001B9E3B /* InvestmentAssistanceView.swift in Sources */,
				EC0298582AA670E600EE2945 /* ProfileConfigurationView.swift in Sources */,
				ECDC23C42AA8FB1C0072296D /* UserProfile.swift in Sources */,
				EC6108262AA8EC23005E48B8 /* SubscriptionManagementView.swift in Sources */,
				ECDC23CE2AAB8CA20072296D /* AlphaVantageResponse.swift in Sources */,
				EC0298522AA64C0E00EE2945 /* InvestmentManagementView.swift in Sources */,
				EC0298562AA653B400EE2945 /* AlertsAndNotificationsView.swift in Sources */,
				ECFD32DF2AA4F32B001B9E3B /* TransactionDetail.swift in Sources */,
			);
			runOnlyForDeploymentPostprocessing = 0;
		};
		ECFD329F2AA4C923001B9E3B /* Sources */ = {
			isa = PBXSourcesBuildPhase;
			buildActionMask = 2147483647;
			files = (
				ECFD32A82AA4C923001B9E3B /* WealthWiseTests.swift in Sources */,
			);
			runOnlyForDeploymentPostprocessing = 0;
		};
		ECFD32A92AA4C923001B9E3B /* Sources */ = {
			isa = PBXSourcesBuildPhase;
			buildActionMask = 2147483647;
			files = (
				ECFD32B22AA4C923001B9E3B /* WealthWiseUITests.swift in Sources */,
				ECFD32B42AA4C924001B9E3B /* WealthWiseUITestsLaunchTests.swift in Sources */,
			);
			runOnlyForDeploymentPostprocessing = 0;
		};
/* End PBXSourcesBuildPhase section */

/* Begin PBXTargetDependency section */
		ECFD32A52AA4C923001B9E3B /* PBXTargetDependency */ = {
			isa = PBXTargetDependency;
			target = ECFD328D2AA4C920001B9E3B /* WealthWise */;
			targetProxy = ECFD32A42AA4C923001B9E3B /* PBXContainerItemProxy */;
		};
		ECFD32AF2AA4C923001B9E3B /* PBXTargetDependency */ = {
			isa = PBXTargetDependency;
			target = ECFD328D2AA4C920001B9E3B /* WealthWise */;
			targetProxy = ECFD32AE2AA4C923001B9E3B /* PBXContainerItemProxy */;
		};
/* End PBXTargetDependency section */

/* Begin XCBuildConfiguration section */
		ECFD32B52AA4C924001B9E3B /* Debug */ = {
			isa = XCBuildConfiguration;
			buildSettings = {
				ALWAYS_SEARCH_USER_PATHS = NO;
				CLANG_ANALYZER_NONNULL = YES;
				CLANG_ANALYZER_NUMBER_OBJECT_CONVERSION = YES_AGGRESSIVE;
				CLANG_CXX_LANGUAGE_STANDARD = "gnu++17";
				CLANG_ENABLE_MODULES = YES;
				CLANG_ENABLE_OBJC_ARC = YES;
				CLANG_ENABLE_OBJC_WEAK = YES;
				CLANG_WARN_BLOCK_CAPTURE_AUTORELEASING = YES;
				CLANG_WARN_BOOL_CONVERSION = YES;
				CLANG_WARN_COMMA = YES;
				CLANG_WARN_CONSTANT_CONVERSION = YES;
				CLANG_WARN_DEPRECATED_OBJC_IMPLEMENTATIONS = YES;
				CLANG_WARN_DIRECT_OBJC_ISA_USAGE = YES_ERROR;
				CLANG_WARN_DOCUMENTATION_COMMENTS = YES;
				CLANG_WARN_EMPTY_BODY = YES;
				CLANG_WARN_ENUM_CONVERSION = YES;
				CLANG_WARN_INFINITE_RECURSION = YES;
				CLANG_WARN_INT_CONVERSION = YES;
				CLANG_WARN_NON_LITERAL_NULL_CONVERSION = YES;
				CLANG_WARN_OBJC_IMPLICIT_RETAIN_SELF = YES;
				CLANG_WARN_OBJC_LITERAL_CONVERSION = YES;
				CLANG_WARN_OBJC_ROOT_CLASS = YES_ERROR;
				CLANG_WARN_QUOTED_INCLUDE_IN_FRAMEWORK_HEADER = YES;
				CLANG_WARN_RANGE_LOOP_ANALYSIS = YES;
				CLANG_WARN_STRICT_PROTOTYPES = YES;
				CLANG_WARN_SUSPICIOUS_MOVE = YES;
				CLANG_WARN_UNGUARDED_AVAILABILITY = YES_AGGRESSIVE;
				CLANG_WARN_UNREACHABLE_CODE = YES;
				CLANG_WARN__DUPLICATE_METHOD_MATCH = YES;
				COPY_PHASE_STRIP = NO;
				DEBUG_INFORMATION_FORMAT = dwarf;
				ENABLE_STRICT_OBJC_MSGSEND = YES;
				ENABLE_TESTABILITY = YES;
				GCC_C_LANGUAGE_STANDARD = gnu11;
				GCC_DYNAMIC_NO_PIC = NO;
				GCC_NO_COMMON_BLOCKS = YES;
				GCC_OPTIMIZATION_LEVEL = 0;
				GCC_PREPROCESSOR_DEFINITIONS = (
					"DEBUG=1",
					"$(inherited)",
				);
				GCC_WARN_64_TO_32_BIT_CONVERSION = YES;
				GCC_WARN_ABOUT_RETURN_TYPE = YES_ERROR;
				GCC_WARN_UNDECLARED_SELECTOR = YES;
				GCC_WARN_UNINITIALIZED_AUTOS = YES_AGGRESSIVE;
				GCC_WARN_UNUSED_FUNCTION = YES;
				GCC_WARN_UNUSED_VARIABLE = YES;
				IPHONEOS_DEPLOYMENT_TARGET = 15.5;
				MTL_ENABLE_DEBUG_INFO = INCLUDE_SOURCE;
				MTL_FAST_MATH = YES;
				ONLY_ACTIVE_ARCH = YES;
				SDKROOT = iphoneos;
				SWIFT_ACTIVE_COMPILATION_CONDITIONS = DEBUG;
				SWIFT_OPTIMIZATION_LEVEL = "-Onone";
			};
			name = Debug;
		};
		ECFD32B62AA4C924001B9E3B /* Release */ = {
			isa = XCBuildConfiguration;
			buildSettings = {
				ALWAYS_SEARCH_USER_PATHS = NO;
				CLANG_ANALYZER_NONNULL = YES;
				CLANG_ANALYZER_NUMBER_OBJECT_CONVERSION = YES_AGGRESSIVE;
				CLANG_CXX_LANGUAGE_STANDARD = "gnu++17";
				CLANG_ENABLE_MODULES = YES;
				CLANG_ENABLE_OBJC_ARC = YES;
				CLANG_ENABLE_OBJC_WEAK = YES;
				CLANG_WARN_BLOCK_CAPTURE_AUTORELEASING = YES;
				CLANG_WARN_BOOL_CONVERSION = YES;
				CLANG_WARN_COMMA = YES;
				CLANG_WARN_CONSTANT_CONVERSION = YES;
				CLANG_WARN_DEPRECATED_OBJC_IMPLEMENTATIONS = YES;
				CLANG_WARN_DIRECT_OBJC_ISA_USAGE = YES_ERROR;
				CLANG_WARN_DOCUMENTATION_COMMENTS = YES;
				CLANG_WARN_EMPTY_BODY = YES;
				CLANG_WARN_ENUM_CONVERSION = YES;
				CLANG_WARN_INFINITE_RECURSION = YES;
				CLANG_WARN_INT_CONVERSION = YES;
				CLANG_WARN_NON_LITERAL_NULL_CONVERSION = YES;
				CLANG_WARN_OBJC_IMPLICIT_RETAIN_SELF = YES;
				CLANG_WARN_OBJC_LITERAL_CONVERSION = YES;
				CLANG_WARN_OBJC_ROOT_CLASS = YES_ERROR;
				CLANG_WARN_QUOTED_INCLUDE_IN_FRAMEWORK_HEADER = YES;
				CLANG_WARN_RANGE_LOOP_ANALYSIS = YES;
				CLANG_WARN_STRICT_PROTOTYPES = YES;
				CLANG_WARN_SUSPICIOUS_MOVE = YES;
				CLANG_WARN_UNGUARDED_AVAILABILITY = YES_AGGRESSIVE;
				CLANG_WARN_UNREACHABLE_CODE = YES;
				CLANG_WARN__DUPLICATE_METHOD_MATCH = YES;
				COPY_PHASE_STRIP = NO;
				DEBUG_INFORMATION_FORMAT = "dwarf-with-dsym";
				ENABLE_NS_ASSERTIONS = NO;
				ENABLE_STRICT_OBJC_MSGSEND = YES;
				GCC_C_LANGUAGE_STANDARD = gnu11;
				GCC_NO_COMMON_BLOCKS = YES;
				GCC_WARN_64_TO_32_BIT_CONVERSION = YES;
				GCC_WARN_ABOUT_RETURN_TYPE = YES_ERROR;
				GCC_WARN_UNDECLARED_SELECTOR = YES;
				GCC_WARN_UNINITIALIZED_AUTOS = YES_AGGRESSIVE;
				GCC_WARN_UNUSED_FUNCTION = YES;
				GCC_WARN_UNUSED_VARIABLE = YES;
				IPHONEOS_DEPLOYMENT_TARGET = 15.5;
				MTL_ENABLE_DEBUG_INFO = NO;
				MTL_FAST_MATH = YES;
				SDKROOT = iphoneos;
				SWIFT_COMPILATION_MODE = wholemodule;
				SWIFT_OPTIMIZATION_LEVEL = "-O";
				VALIDATE_PRODUCT = YES;
			};
			name = Release;
		};
		ECFD32B82AA4C924001B9E3B /* Debug */ = {
			isa = XCBuildConfiguration;
			baseConfigurationReference = 5DAED11E7F1CC822131FFB32 /* Pods-WealthWise.debug.xcconfig */;
			buildSettings = {
				ASSETCATALOG_COMPILER_APPICON_NAME = AppIcon;
				ASSETCATALOG_COMPILER_GLOBAL_ACCENT_COLOR_NAME = AccentColor;
				CODE_SIGN_STYLE = Automatic;
				CURRENT_PROJECT_VERSION = 1;
				DEVELOPMENT_ASSET_PATHS = "\"WealthWise/Preview Content\"";
				DEVELOPMENT_TEAM = B64MGY93X6;
				ENABLE_PREVIEWS = YES;
				GENERATE_INFOPLIST_FILE = YES;
				INFOPLIST_KEY_UIApplicationSceneManifest_Generation = YES;
				INFOPLIST_KEY_UIApplicationSupportsIndirectInputEvents = YES;
				INFOPLIST_KEY_UILaunchScreen_Generation = YES;
				INFOPLIST_KEY_UISupportedInterfaceOrientations_iPad = "UIInterfaceOrientationPortrait UIInterfaceOrientationPortraitUpsideDown UIInterfaceOrientationLandscapeLeft UIInterfaceOrientationLandscapeRight";
				INFOPLIST_KEY_UISupportedInterfaceOrientations_iPhone = "UIInterfaceOrientationPortrait UIInterfaceOrientationLandscapeLeft UIInterfaceOrientationLandscapeRight";
				LD_RUNPATH_SEARCH_PATHS = (
					"$(inherited)",
					"@executable_path/Frameworks",
				);
				MARKETING_VERSION = 1.0;
				PRODUCT_BUNDLE_IDENTIFIER = com.jorismarhuenda.WealthWise;
				PRODUCT_NAME = "$(TARGET_NAME)";
				SWIFT_EMIT_LOC_STRINGS = YES;
				SWIFT_VERSION = 5.0;
				TARGETED_DEVICE_FAMILY = "1,2";
			};
			name = Debug;
		};
		ECFD32B92AA4C924001B9E3B /* Release */ = {
			isa = XCBuildConfiguration;
			baseConfigurationReference = 7B69496562E0DEB51DBBB507 /* Pods-WealthWise.release.xcconfig */;
			buildSettings = {
				ASSETCATALOG_COMPILER_APPICON_NAME = AppIcon;
				ASSETCATALOG_COMPILER_GLOBAL_ACCENT_COLOR_NAME = AccentColor;
				CODE_SIGN_STYLE = Automatic;
				CURRENT_PROJECT_VERSION = 1;
				DEVELOPMENT_ASSET_PATHS = "\"WealthWise/Preview Content\"";
				DEVELOPMENT_TEAM = B64MGY93X6;
				ENABLE_PREVIEWS = YES;
				GENERATE_INFOPLIST_FILE = YES;
				INFOPLIST_KEY_UIApplicationSceneManifest_Generation = YES;
				INFOPLIST_KEY_UIApplicationSupportsIndirectInputEvents = YES;
				INFOPLIST_KEY_UILaunchScreen_Generation = YES;
				INFOPLIST_KEY_UISupportedInterfaceOrientations_iPad = "UIInterfaceOrientationPortrait UIInterfaceOrientationPortraitUpsideDown UIInterfaceOrientationLandscapeLeft UIInterfaceOrientationLandscapeRight";
				INFOPLIST_KEY_UISupportedInterfaceOrientations_iPhone = "UIInterfaceOrientationPortrait UIInterfaceOrientationLandscapeLeft UIInterfaceOrientationLandscapeRight";
				LD_RUNPATH_SEARCH_PATHS = (
					"$(inherited)",
					"@executable_path/Frameworks",
				);
				MARKETING_VERSION = 1.0;
				PRODUCT_BUNDLE_IDENTIFIER = com.jorismarhuenda.WealthWise;
				PRODUCT_NAME = "$(TARGET_NAME)";
				SWIFT_EMIT_LOC_STRINGS = YES;
				SWIFT_VERSION = 5.0;
				TARGETED_DEVICE_FAMILY = "1,2";
			};
			name = Release;
		};
		ECFD32BB2AA4C924001B9E3B /* Debug */ = {
			isa = XCBuildConfiguration;
			baseConfigurationReference = 0FFAF13EB4AFA752B6C35608 /* Pods-WealthWiseTests.debug.xcconfig */;
			buildSettings = {
				ALWAYS_EMBED_SWIFT_STANDARD_LIBRARIES = YES;
				BUNDLE_LOADER = "$(TEST_HOST)";
				CODE_SIGN_STYLE = Automatic;
				CURRENT_PROJECT_VERSION = 1;
				DEVELOPMENT_TEAM = B64MGY93X6;
				GENERATE_INFOPLIST_FILE = YES;
				IPHONEOS_DEPLOYMENT_TARGET = 15.5;
				MARKETING_VERSION = 1.0;
				PRODUCT_BUNDLE_IDENTIFIER = com.jorismarhuenda.WealthWiseTests;
				PRODUCT_NAME = "$(TARGET_NAME)";
				SWIFT_EMIT_LOC_STRINGS = NO;
				SWIFT_VERSION = 5.0;
				TARGETED_DEVICE_FAMILY = "1,2";
				TEST_HOST = "$(BUILT_PRODUCTS_DIR)/WealthWise.app/WealthWise";
			};
			name = Debug;
		};
		ECFD32BC2AA4C924001B9E3B /* Release */ = {
			isa = XCBuildConfiguration;
			baseConfigurationReference = 926876715AA5556ABC486B86 /* Pods-WealthWiseTests.release.xcconfig */;
			buildSettings = {
				ALWAYS_EMBED_SWIFT_STANDARD_LIBRARIES = YES;
				BUNDLE_LOADER = "$(TEST_HOST)";
				CODE_SIGN_STYLE = Automatic;
				CURRENT_PROJECT_VERSION = 1;
				DEVELOPMENT_TEAM = B64MGY93X6;
				GENERATE_INFOPLIST_FILE = YES;
				IPHONEOS_DEPLOYMENT_TARGET = 15.5;
				MARKETING_VERSION = 1.0;
				PRODUCT_BUNDLE_IDENTIFIER = com.jorismarhuenda.WealthWiseTests;
				PRODUCT_NAME = "$(TARGET_NAME)";
				SWIFT_EMIT_LOC_STRINGS = NO;
				SWIFT_VERSION = 5.0;
				TARGETED_DEVICE_FAMILY = "1,2";
				TEST_HOST = "$(BUILT_PRODUCTS_DIR)/WealthWise.app/WealthWise";
			};
			name = Release;
		};
		ECFD32BE2AA4C924001B9E3B /* Debug */ = {
			isa = XCBuildConfiguration;
			baseConfigurationReference = B4E46FE0EEC95353F614FDF0 /* Pods-WealthWise-WealthWiseUITests.debug.xcconfig */;
			buildSettings = {
				ALWAYS_EMBED_SWIFT_STANDARD_LIBRARIES = YES;
				CODE_SIGN_STYLE = Automatic;
				CURRENT_PROJECT_VERSION = 1;
				DEVELOPMENT_TEAM = B64MGY93X6;
				GENERATE_INFOPLIST_FILE = YES;
				MARKETING_VERSION = 1.0;
				PRODUCT_BUNDLE_IDENTIFIER = com.jorismarhuenda.WealthWiseUITests;
				PRODUCT_NAME = "$(TARGET_NAME)";
				SWIFT_EMIT_LOC_STRINGS = NO;
				SWIFT_VERSION = 5.0;
				TARGETED_DEVICE_FAMILY = "1,2";
				TEST_TARGET_NAME = WealthWise;
			};
			name = Debug;
		};
		ECFD32BF2AA4C924001B9E3B /* Release */ = {
			isa = XCBuildConfiguration;
			baseConfigurationReference = 84642609EB06EC98658D1410 /* Pods-WealthWise-WealthWiseUITests.release.xcconfig */;
			buildSettings = {
				ALWAYS_EMBED_SWIFT_STANDARD_LIBRARIES = YES;
				CODE_SIGN_STYLE = Automatic;
				CURRENT_PROJECT_VERSION = 1;
				DEVELOPMENT_TEAM = B64MGY93X6;
				GENERATE_INFOPLIST_FILE = YES;
				MARKETING_VERSION = 1.0;
				PRODUCT_BUNDLE_IDENTIFIER = com.jorismarhuenda.WealthWiseUITests;
				PRODUCT_NAME = "$(TARGET_NAME)";
				SWIFT_EMIT_LOC_STRINGS = NO;
				SWIFT_VERSION = 5.0;
				TARGETED_DEVICE_FAMILY = "1,2";
				TEST_TARGET_NAME = WealthWise;
			};
			name = Release;
		};
/* End XCBuildConfiguration section */

/* Begin XCConfigurationList section */
		ECFD32892AA4C920001B9E3B /* Build configuration list for PBXProject "WealthWise" */ = {
			isa = XCConfigurationList;
			buildConfigurations = (
				ECFD32B52AA4C924001B9E3B /* Debug */,
				ECFD32B62AA4C924001B9E3B /* Release */,
			);
			defaultConfigurationIsVisible = 0;
			defaultConfigurationName = Release;
		};
		ECFD32B72AA4C924001B9E3B /* Build configuration list for PBXNativeTarget "WealthWise" */ = {
			isa = XCConfigurationList;
			buildConfigurations = (
				ECFD32B82AA4C924001B9E3B /* Debug */,
				ECFD32B92AA4C924001B9E3B /* Release */,
			);
			defaultConfigurationIsVisible = 0;
			defaultConfigurationName = Release;
		};
		ECFD32BA2AA4C924001B9E3B /* Build configuration list for PBXNativeTarget "WealthWiseTests" */ = {
			isa = XCConfigurationList;
			buildConfigurations = (
				ECFD32BB2AA4C924001B9E3B /* Debug */,
				ECFD32BC2AA4C924001B9E3B /* Release */,
			);
			defaultConfigurationIsVisible = 0;
			defaultConfigurationName = Release;
		};
		ECFD32BD2AA4C924001B9E3B /* Build configuration list for PBXNativeTarget "WealthWiseUITests" */ = {
			isa = XCConfigurationList;
			buildConfigurations = (
				ECFD32BE2AA4C924001B9E3B /* Debug */,
				ECFD32BF2AA4C924001B9E3B /* Release */,
			);
			defaultConfigurationIsVisible = 0;
			defaultConfigurationName = Release;
		};
/* End XCConfigurationList section */

/* Begin XCVersionGroup section */
		ECFD329C2AA4C923001B9E3B /* WealthWise.xcdatamodeld */ = {
			isa = XCVersionGroup;
			children = (
				ECFD329D2AA4C923001B9E3B /* WealthWise.xcdatamodel */,
			);
			currentVersion = ECFD329D2AA4C923001B9E3B /* WealthWise.xcdatamodel */;
			path = WealthWise.xcdatamodeld;
			sourceTree = "<group>";
			versionGroupType = wrapper.xcdatamodel;
		};
/* End XCVersionGroup section */
	};
	rootObject = ECFD32862AA4C920001B9E3B /* Project object */;
}
